
Microsoft Visual Studio Solution File, Format Version 12.00
# Visual Studio 14
VisualStudioVersion = 14.0.25420.1
MinimumVisualStudioVersion = 10.0.40219.1
Project("{FAE04EC0-301F-11D3-BF4B-00C04F79EFBC}") = "ETMS.AppContext", "ETMS.AppContext\ETMS.AppContext.csproj", "{9B71CEF6-8D67-4714-8CE3-29CBEE5B7975}"
EndProject
Project("{2150E333-8FDC-42A3-9474-1A3956D46DE8}") = "Libraries", "Libraries", "{2049AACF-DA0D-4532-9A76-2F30EFAD83B0}"
EndProject
Project("{FAE04EC0-301F-11D3-BF4B-00C04F79EFBC}") = "ETMS.Utility", "ETMS.Utility\ETMS.Utility.csproj", "{92D62B7C-B9EB-4086-9D18-11CD36F1CA28}"
EndProject
Project("{FAE04EC0-301F-11D3-BF4B-00C04F79EFBC}") = "ETMS.Pay", "ETMS.Pay\ETMS.Pay.csproj", "{3B378BF6-E49B-4C36-BCE4-2B3872E7D772}"
EndProject
Project("{FAE04EC0-301F-11D3-BF4B-00C04F79EFBC}") = "ETMS.Editor", "ETMS.Editor\ETMS.Editor.csproj", "{36EB39CA-B526-4695-B600-377A11290C2E}"
EndProject
Project("{FAE04EC0-301F-11D3-BF4B-00C04F79EFBC}") = "ETMS.Controls", "ETMS.Controls\ETMS.Controls.csproj", "{1D5A15A4-C071-440F-ACC1-2DCC4573CCB1}"
EndProject
Project("{2150E333-8FDC-42A3-9474-1A3956D46DE8}") = "Business", "Business", "{3EA7C28D-39A5-4F10-99F1-8092568F2171}"
EndProject
Project("{2150E333-8FDC-42A3-9474-1A3956D46DE8}") = "Application", "Application", "{04D7033C-B928-494B-9DE6-85DB273B17E6}"
EndProject
Project("{FAE04EC0-301F-11D3-BF4B-00C04F79EFBC}") = "ETMS.Components.Basic.API", "ETMS.Components.Basic.API\ETMS.Components.Basic.API.csproj", "{3D9C3CD3-FD0A-420C-9B59-4352CF173D6F}"
EndProject
Project("{FAE04EC0-301F-11D3-BF4B-00C04F79EFBC}") = "ETMS.Components.Basic.Implement", "ETMS.Components.Basic.Implement\ETMS.Components.Basic.Implement.csproj", "{4248FE86-6D0E-4250-8B1A-3A110E0FCD0C}"
EndProject
Project("{FAE04EC0-301F-11D3-BF4B-00C04F79EFBC}") = "ETMS.Components.Courseware.API", "ETMS.Components.Courseware.API\ETMS.Components.Courseware.API.csproj", "{2C8BDD39-8996-43B2-BC4D-69D70FFB1C0E}"
EndProject
Project("{FAE04EC0-301F-11D3-BF4B-00C04F79EFBC}") = "ETMS.Components.Evaluation.Implement", "ETMS.Components.Evaluation.Implement\ETMS.Components.Evaluation.Implement.csproj", "{A8398400-CC14-4DCD-A552-CB1C6244398F}"
EndProject
Project("{FAE04EC0-301F-11D3-BF4B-00C04F79EFBC}") = "ETMS.Components.Evaluation.API", "ETMS.Components.Evaluation.API\ETMS.Components.Evaluation.API.csproj", "{F2A8CA5E-6AEF-4F00-A612-B89F832B139E}"
EndProject
Project("{FAE04EC0-301F-11D3-BF4B-00C04F79EFBC}") = "ETMS.Components.Courseware.Implement", "ETMS.Components.Courseware.Implement\ETMS.Components.Courseware.Implement.csproj", "{E433D2C0-1F47-49E8-9206-79337B9E31A9}"
EndProject
Project("{FAE04EC0-301F-11D3-BF4B-00C04F79EFBC}") = "ETMS.Components.Exam.API", "ETMS.Components.Exam.API\ETMS.Components.Exam.API.csproj", "{90FA7A74-4FC6-40BA-88A1-A885F1F4A8BF}"
EndProject
Project("{FAE04EC0-301F-11D3-BF4B-00C04F79EFBC}") = "ETMS.Components.Exam.Implement", "ETMS.Components.Exam.Implement\ETMS.Components.Exam.Implement.csproj", "{CBE8566C-018B-430F-9D63-B1F1AAB8EF09}"
EndProject
Project("{FAE04EC0-301F-11D3-BF4B-00C04F79EFBC}") = "ETMS.Components.ExContest.API", "ETMS.Components.ExContest.API\ETMS.Components.ExContest.API.csproj", "{99D08C46-2167-48C9-B442-BF2F962ACA4A}"
EndProject
Project("{FAE04EC0-301F-11D3-BF4B-00C04F79EFBC}") = "ETMS.Components.ExContest.Implement", "ETMS.Components.ExContest.Implement\ETMS.Components.ExContest.Implement.csproj", "{F17105C2-9D96-496C-BA3D-57928E8CFFDD}"
EndProject
Project("{FAE04EC0-301F-11D3-BF4B-00C04F79EFBC}") = "ETMS.Components.ExOfflineHomework.API", "ETMS.Components.ExOfflineHomework.API\ETMS.Components.ExOfflineHomework.API.csproj", "{E81EEC16-5DD3-4FE3-BC1D-83ADA9185297}"
EndProject
Project("{FAE04EC0-301F-11D3-BF4B-00C04F79EFBC}") = "ETMS.Components.ExOfflineHomework.Implement", "ETMS.Components.ExOfflineHomework.Implement\ETMS.Components.ExOfflineHomework.Implement.csproj", "{80FC7C46-7A16-4299-8412-95A39C4028D8}"
EndProject
Project("{FAE04EC0-301F-11D3-BF4B-00C04F79EFBC}") = "ETMS.Components.ExOnlineJob.API", "ETMS.Components.ExOnlineJob.API\ETMS.Components.ExOnlineJob.API.csproj", "{6E9380BD-F8B6-4A87-8726-D57D6708D105}"
EndProject
Project("{FAE04EC0-301F-11D3-BF4B-00C04F79EFBC}") = "ETMS.Components.ExOnlineJob.Implement", "ETMS.Components.ExOnlineJob.Implement\ETMS.Components.ExOnlineJob.Implement.csproj", "{7B397549-408D-4729-9D8C-3CED5DF6E258}"
EndProject
Project("{FAE04EC0-301F-11D3-BF4B-00C04F79EFBC}") = "ETMS.Components.ExOnlineTest.API", "ETMS.Components.ExOnlineTest.API\ETMS.Components.ExOnlineTest.API.csproj", "{24B8FFDA-9013-49C0-B777-6229796816A8}"
EndProject
Project("{FAE04EC0-301F-11D3-BF4B-00C04F79EFBC}") = "ETMS.Components.ExOnlineTest.Implement", "ETMS.Components.ExOnlineTest.Implement\ETMS.Components.ExOnlineTest.Implement.csproj", "{D111BE30-F751-46E2-8C2E-D710CD61FBF8}"
EndProject
Project("{FAE04EC0-301F-11D3-BF4B-00C04F79EFBC}") = "ETMS.Components.Fee.API", "ETMS.Components.Fee.API\ETMS.Components.Fee.API.csproj", "{32D9DA92-590D-4360-8A43-FACAEAEE1461}"
EndProject
Project("{FAE04EC0-301F-11D3-BF4B-00C04F79EFBC}") = "ETMS.Components.Fee.Implement", "ETMS.Components.Fee.Implement\ETMS.Components.Fee.Implement.csproj", "{5D7FDB88-6DD0-4404-93BA-78B448A29268}"
EndProject
Project("{FAE04EC0-301F-11D3-BF4B-00C04F79EFBC}") = "ETMS.Components.IDP.API", "ETMS.Components.IDP.API\ETMS.Components.IDP.API.csproj", "{E6C6DE86-37F9-4B7E-A3C9-BC0B59538509}"
EndProject
Project("{FAE04EC0-301F-11D3-BF4B-00C04F79EFBC}") = "ETMS.Components.IDP.Implement", "ETMS.Components.IDP.Implement\ETMS.Components.IDP.Implement.csproj", "{3EBCC856-8A7B-4A73-9BFD-AFB930ECD3FA}"
EndProject
Project("{FAE04EC0-301F-11D3-BF4B-00C04F79EFBC}") = "ETMS.Components.Mentor.API", "ETMS.Components.Mentor.API\ETMS.Components.Mentor.API.csproj", "{C9BABB06-5AD4-4AEA-8A96-47A44D89340D}"
EndProject
Project("{FAE04EC0-301F-11D3-BF4B-00C04F79EFBC}") = "ETMS.Components.Mentor.Implement", "ETMS.Components.Mentor.Implement\ETMS.Components.Mentor.Implement.csproj", "{077753A6-2B7F-4B22-922D-818E43CAADBD}"
EndProject
Project("{FAE04EC0-301F-11D3-BF4B-00C04F79EFBC}") = "ETMS.Components.NoteQuestion.API", "ETMS.Components.NoteQuestion.API\ETMS.Components.NoteQuestion.API.csproj", "{5D67CC20-1638-40E1-892E-73C35A159307}"
EndProject
Project("{FAE04EC0-301F-11D3-BF4B-00C04F79EFBC}") = "ETMS.Components.NoteQuestion.Implement", "ETMS.Components.NoteQuestion.Implement\ETMS.Components.NoteQuestion.Implement.csproj", "{5D0EE7E8-6B48-4C42-9A3C-0EABF76FEEE5}"
EndProject
Project("{FAE04EC0-301F-11D3-BF4B-00C04F79EFBC}") = "ETMS.Components.OnlinePlaying.API", "ETMS.Components.OnlinePlaying.API\ETMS.Components.OnlinePlaying.API.csproj", "{A04607DE-2D0C-4D9F-99FD-26D2AF513574}"
EndProject
Project("{FAE04EC0-301F-11D3-BF4B-00C04F79EFBC}") = "ETMS.Components.OnlinePlaying.Core", "ETMS.Components.OnlinePlaying.Core\ETMS.Components.OnlinePlaying.Core.csproj", "{4A89B21D-6525-4961-A26F-2A100C495437}"
EndProject
Project("{FAE04EC0-301F-11D3-BF4B-00C04F79EFBC}") = "ETMS.Components.OnlinePlaying.Implement", "ETMS.Components.OnlinePlaying.Implement\ETMS.Components.OnlinePlaying.Implement.csproj", "{6EA8FF7D-1444-47BB-8499-E2B4740B13A3}"
EndProject
Project("{FAE04EC0-301F-11D3-BF4B-00C04F79EFBC}") = "ETMS.Components.Order.API", "ETMS.Components.Order.API\ETMS.Components.Order.API.csproj", "{FD9634EC-EF15-476C-88BD-79DF64404A1B}"
EndProject
Project("{FAE04EC0-301F-11D3-BF4B-00C04F79EFBC}") = "ETMS.Components.Order.Implement", "ETMS.Components.Order.Implement\ETMS.Components.Order.Implement.csproj", "{D9D70638-4C03-4E4B-ABD5-B8EE1E077598}"
EndProject
Project("{FAE04EC0-301F-11D3-BF4B-00C04F79EFBC}") = "ETMS.Components.Point.API", "ETMS.Components.Point.API\ETMS.Components.Point.API.csproj", "{8199B295-3212-4EC9-9FC6-161245276A1B}"
EndProject
Project("{FAE04EC0-301F-11D3-BF4B-00C04F79EFBC}") = "ETMS.Components.Point.Implement", "ETMS.Components.Point.Implement\ETMS.Components.Point.Implement.csproj", "{FE7CFB89-96DA-41C3-8EEF-2417431F58AD}"
EndProject
Project("{FAE04EC0-301F-11D3-BF4B-00C04F79EFBC}") = "ETMS.Components.Poll.API", "ETMS.Components.Poll.API\ETMS.Components.Poll.API.csproj", "{8FD43AE4-1371-467F-8D1C-2BDE3E567320}"
EndProject
Project("{FAE04EC0-301F-11D3-BF4B-00C04F79EFBC}") = "ETMS.Components.Poll.Implement", "ETMS.Components.Poll.Implement\ETMS.Components.Poll.Implement.csproj", "{63DC920D-AA79-4944-8FDE-88A9FA5E0892}"
EndProject
Project("{FAE04EC0-301F-11D3-BF4B-00C04F79EFBC}") = "ETMS.Components.QS.API", "ETMS.Components.QS.API\ETMS.Components.QS.API.csproj", "{5C1C29E6-C138-4D33-9D67-648456119B79}"
EndProject
Project("{FAE04EC0-301F-11D3-BF4B-00C04F79EFBC}") = "ETMS.Components.QS.Implement", "ETMS.Components.QS.Implement\ETMS.Components.QS.Implement.csproj", "{34190220-54A6-4C36-863E-91BE2DE632FF}"
EndProject
Project("{FAE04EC0-301F-11D3-BF4B-00C04F79EFBC}") = "ETMS.Components.Reporting.API", "ETMS.Components.Reporting.API\ETMS.Components.Reporting.API.csproj", "{2EF2AB35-07B0-4CB1-868D-2B093C500642}"
EndProject
Project("{FAE04EC0-301F-11D3-BF4B-00C04F79EFBC}") = "ETMS.Components.Reporting.Implement", "ETMS.Components.Reporting.Implement\ETMS.Components.Reporting.Implement.csproj", "{613BCEE6-EAF6-495C-BBCF-1AA2D1AD9981}"
EndProject
Project("{FAE04EC0-301F-11D3-BF4B-00C04F79EFBC}") = "ETMS.Components.Scrom.API", "ETMS.Components.Scrom.API\ETMS.Components.Scrom.API.csproj", "{039C7631-62A7-4E1E-A40A-787B696A834E}"
EndProject
Project("{FAE04EC0-301F-11D3-BF4B-00C04F79EFBC}") = "ETMS.Components.Scrom.Implement", "ETMS.Components.Scrom.Implement\ETMS.Components.Scrom.Implement.csproj", "{DEC32A3F-3C09-4977-83B6-350AF250290D}"
EndProject
Project("{FAE04EC0-301F-11D3-BF4B-00C04F79EFBC}") = "ETMS.Components.StudyClass.API", "ETMS.Components.StudyClass.API\ETMS.Components.StudyClass.API.csproj", "{C47FA0F3-43DE-431B-9DAB-93F50D0F18D4}"
EndProject
Project("{FAE04EC0-301F-11D3-BF4B-00C04F79EFBC}") = "ETMS.Components.StudyClass.Implement", "ETMS.Components.StudyClass.Implement\ETMS.Components.StudyClass.Implement.csproj", "{471EAA08-25E2-4366-B4A0-1625BB97DC2E}"
EndProject
Project("{FAE04EC0-301F-11D3-BF4B-00C04F79EFBC}") = "ETMS.Security", "ETMS.Security\ETMS.Security.csproj", "{2B974479-EB50-46D1-A812-58BB45447D65}"
EndProject
Project("{FAE04EC0-301F-11D3-BF4B-00C04F79EFBC}") = "ETMS.Product", "ETMS.Product\ETMS.Product.csproj", "{5BE29DAC-3F7B-4A7A-8690-92963B6A6F43}"
EndProject
Project("{FAE04EC0-301F-11D3-BF4B-00C04F79EFBC}") = "Open.Scorm.Provider", "Open.Scorm.Provider\Open.Scorm.Provider.csproj", "{B7F4BB5F-6058-4855-9645-378272FBB8BA}"
EndProject
Project("{FAE04EC0-301F-11D3-BF4B-00C04F79EFBC}") = "Studying", "LearnSite\Studying.csproj", "{B697F832-6115-47EC-AF11-F74DF656F3AA}"
EndProject
Project("{FAE04EC0-301F-11D3-BF4B-00C04F79EFBC}") = "University.Mooc.AppContext", "University.Mooc.AppContext\University.Mooc.AppContext.csproj", "{DEE28FBB-3FE6-402D-B9AF-5583A2E9E97C}"
EndProject
Project("{FAE04EC0-301F-11D3-BF4B-00C04F79EFBC}") = "University.Mooc.Security", "University.Mooc.Security\University.Mooc.Security.csproj", "{43F6FD57-EA5F-4F4E-83DE-908709ABE49D}"
EndProject
Project("{FAE04EC0-301F-11D3-BF4B-00C04F79EFBC}") = "ETMS.Activity.Entity", "ETMS.Activity.Entity\ETMS.Activity.Entity.csproj", "{260E1F57-2BBA-4065-B9C2-0699FF190E89}"
EndProject
Project("{FAE04EC0-301F-11D3-BF4B-00C04F79EFBC}") = "ETMS.Activity.Implement", "ETMS.Activity.Implement\ETMS.Activity.Implement.csproj", "{21A7E115-051F-4954-9DAA-65B8311D63B9}"
EndProject
Project("{FAE04EC0-301F-11D3-BF4B-00C04F79EFBC}") = "Admin", "Admin\Admin.csproj", "{FAF31999-9282-4971-90A7-C969353FB0AA}"
EndProject
Project("{2150E333-8FDC-42A3-9474-1A3956D46DE8}") = "Api", "Api", "{D4F6CF5F-B233-4F6C-BE49-E184FD24102B}"
EndProject
Project("{FAE04EC0-301F-11D3-BF4B-00C04F79EFBC}") = "ETMS.Mobile.API", "ETMS.Mobile.API\ETMS.Mobile.API.csproj", "{7EA4E9A4-332D-45A9-8B8D-4A8340178994}"
EndProject
Project("{FAE04EC0-301F-11D3-BF4B-00C04F79EFBC}") = "FileAPI", "FileAPI\FileAPI.csproj", "{DBD103B2-A6D2-4EB0-B8F6-AA5EF7801A76}"
EndProject
Project("{FAE04EC0-301F-11D3-BF4B-00C04F79EFBC}") = "Mobile.Web", "Mobile.Web\Mobile.Web.csproj", "{7BC1B84A-EEF5-4142-B7BD-C5495332165C}"
EndProject
Project("{FAE04EC0-301F-11D3-BF4B-00C04F79EFBC}") = "Passport", "Passport\Passport.csproj", "{DD4A3296-3560-404D-B3BC-85D67956BF3E}"
EndProject
Global
	GlobalSection(SolutionConfigurationPlatforms) = preSolution
		Debug|Any CPU = Debug|Any CPU
		DELUXEWORKSTEST|Any CPU = DELUXEWORKSTEST|Any CPU
		Release|Any CPU = Release|Any CPU
	EndGlobalSection
	GlobalSection(ProjectConfigurationPlatforms) = postSolution
		{9B71CEF6-8D67-4714-8CE3-29CBEE5B7975}.Debug|Any CPU.ActiveCfg = Debug|Any CPU
		{9B71CEF6-8D67-4714-8CE3-29CBEE5B7975}.Debug|Any CPU.Build.0 = Debug|Any CPU
		{9B71CEF6-8D67-4714-8CE3-29CBEE5B7975}.DELUXEWORKSTEST|Any CPU.ActiveCfg = Debug|Any CPU
		{9B71CEF6-8D67-4714-8CE3-29CBEE5B7975}.DELUXEWORKSTEST|Any CPU.Build.0 = Debug|Any CPU
		{9B71CEF6-8D67-4714-8CE3-29CBEE5B7975}.Release|Any CPU.ActiveCfg = Release|Any CPU
		{9B71CEF6-8D67-4714-8CE3-29CBEE5B7975}.Release|Any CPU.Build.0 = Release|Any CPU
		{92D62B7C-B9EB-4086-9D18-11CD36F1CA28}.Debug|Any CPU.ActiveCfg = Debug|Any CPU
		{92D62B7C-B9EB-4086-9D18-11CD36F1CA28}.Debug|Any CPU.Build.0 = Debug|Any CPU
		{92D62B7C-B9EB-4086-9D18-11CD36F1CA28}.DELUXEWORKSTEST|Any CPU.ActiveCfg = Debug|Any CPU
		{92D62B7C-B9EB-4086-9D18-11CD36F1CA28}.DELUXEWORKSTEST|Any CPU.Build.0 = Debug|Any CPU
		{92D62B7C-B9EB-4086-9D18-11CD36F1CA28}.Release|Any CPU.ActiveCfg = Release|Any CPU
		{92D62B7C-B9EB-4086-9D18-11CD36F1CA28}.Release|Any CPU.Build.0 = Release|Any CPU
		{3B378BF6-E49B-4C36-BCE4-2B3872E7D772}.Debug|Any CPU.ActiveCfg = Debug|Any CPU
		{3B378BF6-E49B-4C36-BCE4-2B3872E7D772}.Debug|Any CPU.Build.0 = Debug|Any CPU
		{3B378BF6-E49B-4C36-BCE4-2B3872E7D772}.DELUXEWORKSTEST|Any CPU.ActiveCfg = Debug|Any CPU
		{3B378BF6-E49B-4C36-BCE4-2B3872E7D772}.DELUXEWORKSTEST|Any CPU.Build.0 = Debug|Any CPU
		{3B378BF6-E49B-4C36-BCE4-2B3872E7D772}.Release|Any CPU.ActiveCfg = Release|Any CPU
		{3B378BF6-E49B-4C36-BCE4-2B3872E7D772}.Release|Any CPU.Build.0 = Release|Any CPU
		{36EB39CA-B526-4695-B600-377A11290C2E}.Debug|Any CPU.ActiveCfg = Debug|Any CPU
		{36EB39CA-B526-4695-B600-377A11290C2E}.Debug|Any CPU.Build.0 = Debug|Any CPU
		{36EB39CA-B526-4695-B600-377A11290C2E}.DELUXEWORKSTEST|Any CPU.ActiveCfg = Debug|Any CPU
		{36EB39CA-B526-4695-B600-377A11290C2E}.DELUXEWORKSTEST|Any CPU.Build.0 = Debug|Any CPU
		{36EB39CA-B526-4695-B600-377A11290C2E}.Release|Any CPU.ActiveCfg = Release|Any CPU
		{36EB39CA-B526-4695-B600-377A11290C2E}.Release|Any CPU.Build.0 = Release|Any CPU
		{1D5A15A4-C071-440F-ACC1-2DCC4573CCB1}.Debug|Any CPU.ActiveCfg = Debug|Any CPU
		{1D5A15A4-C071-440F-ACC1-2DCC4573CCB1}.Debug|Any CPU.Build.0 = Debug|Any CPU
		{1D5A15A4-C071-440F-ACC1-2DCC4573CCB1}.DELUXEWORKSTEST|Any CPU.ActiveCfg = Debug|Any CPU
		{1D5A15A4-C071-440F-ACC1-2DCC4573CCB1}.DELUXEWORKSTEST|Any CPU.Build.0 = Debug|Any CPU
		{1D5A15A4-C071-440F-ACC1-2DCC4573CCB1}.Release|Any CPU.ActiveCfg = Release|Any CPU
		{1D5A15A4-C071-440F-ACC1-2DCC4573CCB1}.Release|Any CPU.Build.0 = Release|Any CPU
		{3D9C3CD3-FD0A-420C-9B59-4352CF173D6F}.Debug|Any CPU.ActiveCfg = Debug|Any CPU
		{3D9C3CD3-FD0A-420C-9B59-4352CF173D6F}.Debug|Any CPU.Build.0 = Debug|Any CPU
		{3D9C3CD3-FD0A-420C-9B59-4352CF173D6F}.DELUXEWORKSTEST|Any CPU.ActiveCfg = Debug|Any CPU
		{3D9C3CD3-FD0A-420C-9B59-4352CF173D6F}.DELUXEWORKSTEST|Any CPU.Build.0 = Debug|Any CPU
		{3D9C3CD3-FD0A-420C-9B59-4352CF173D6F}.Release|Any CPU.ActiveCfg = Release|Any CPU
		{3D9C3CD3-FD0A-420C-9B59-4352CF173D6F}.Release|Any CPU.Build.0 = Release|Any CPU
		{4248FE86-6D0E-4250-8B1A-3A110E0FCD0C}.Debug|Any CPU.ActiveCfg = Debug|Any CPU
		{4248FE86-6D0E-4250-8B1A-3A110E0FCD0C}.Debug|Any CPU.Build.0 = Debug|Any CPU
		{4248FE86-6D0E-4250-8B1A-3A110E0FCD0C}.DELUXEWORKSTEST|Any CPU.ActiveCfg = Debug|Any CPU
		{4248FE86-6D0E-4250-8B1A-3A110E0FCD0C}.DELUXEWORKSTEST|Any CPU.Build.0 = Debug|Any CPU
		{4248FE86-6D0E-4250-8B1A-3A110E0FCD0C}.Release|Any CPU.ActiveCfg = Release|Any CPU
		{4248FE86-6D0E-4250-8B1A-3A110E0FCD0C}.Release|Any CPU.Build.0 = Release|Any CPU
		{2C8BDD39-8996-43B2-BC4D-69D70FFB1C0E}.Debug|Any CPU.ActiveCfg = Debug|Any CPU
		{2C8BDD39-8996-43B2-BC4D-69D70FFB1C0E}.Debug|Any CPU.Build.0 = Debug|Any CPU
		{2C8BDD39-8996-43B2-BC4D-69D70FFB1C0E}.DELUXEWORKSTEST|Any CPU.ActiveCfg = Debug|Any CPU
		{2C8BDD39-8996-43B2-BC4D-69D70FFB1C0E}.DELUXEWORKSTEST|Any CPU.Build.0 = Debug|Any CPU
		{2C8BDD39-8996-43B2-BC4D-69D70FFB1C0E}.Release|Any CPU.ActiveCfg = Release|Any CPU
		{2C8BDD39-8996-43B2-BC4D-69D70FFB1C0E}.Release|Any CPU.Build.0 = Release|Any CPU
		{A8398400-CC14-4DCD-A552-CB1C6244398F}.Debug|Any CPU.ActiveCfg = Debug|Any CPU
		{A8398400-CC14-4DCD-A552-CB1C6244398F}.Debug|Any CPU.Build.0 = Debug|Any CPU
		{A8398400-CC14-4DCD-A552-CB1C6244398F}.DELUXEWORKSTEST|Any CPU.ActiveCfg = Debug|Any CPU
		{A8398400-CC14-4DCD-A552-CB1C6244398F}.DELUXEWORKSTEST|Any CPU.Build.0 = Debug|Any CPU
		{A8398400-CC14-4DCD-A552-CB1C6244398F}.Release|Any CPU.ActiveCfg = Release|Any CPU
		{A8398400-CC14-4DCD-A552-CB1C6244398F}.Release|Any CPU.Build.0 = Release|Any CPU
		{F2A8CA5E-6AEF-4F00-A612-B89F832B139E}.Debug|Any CPU.ActiveCfg = Debug|Any CPU
		{F2A8CA5E-6AEF-4F00-A612-B89F832B139E}.Debug|Any CPU.Build.0 = Debug|Any CPU
		{F2A8CA5E-6AEF-4F00-A612-B89F832B139E}.DELUXEWORKSTEST|Any CPU.ActiveCfg = Debug|Any CPU
		{F2A8CA5E-6AEF-4F00-A612-B89F832B139E}.DELUXEWORKSTEST|Any CPU.Build.0 = Debug|Any CPU
		{F2A8CA5E-6AEF-4F00-A612-B89F832B139E}.Release|Any CPU.ActiveCfg = Release|Any CPU
		{F2A8CA5E-6AEF-4F00-A612-B89F832B139E}.Release|Any CPU.Build.0 = Release|Any CPU
		{E433D2C0-1F47-49E8-9206-79337B9E31A9}.Debug|Any CPU.ActiveCfg = Debug|Any CPU
		{E433D2C0-1F47-49E8-9206-79337B9E31A9}.Debug|Any CPU.Build.0 = Debug|Any CPU
		{E433D2C0-1F47-49E8-9206-79337B9E31A9}.DELUXEWORKSTEST|Any CPU.ActiveCfg = Debug|Any CPU
		{E433D2C0-1F47-49E8-9206-79337B9E31A9}.DELUXEWORKSTEST|Any CPU.Build.0 = Debug|Any CPU
		{E433D2C0-1F47-49E8-9206-79337B9E31A9}.Release|Any CPU.ActiveCfg = Release|Any CPU
		{E433D2C0-1F47-49E8-9206-79337B9E31A9}.Release|Any CPU.Build.0 = Release|Any CPU
		{90FA7A74-4FC6-40BA-88A1-A885F1F4A8BF}.Debug|Any CPU.ActiveCfg = Debug|Any CPU
		{90FA7A74-4FC6-40BA-88A1-A885F1F4A8BF}.Debug|Any CPU.Build.0 = Debug|Any CPU
		{90FA7A74-4FC6-40BA-88A1-A885F1F4A8BF}.DELUXEWORKSTEST|Any CPU.ActiveCfg = Debug|Any CPU
		{90FA7A74-4FC6-40BA-88A1-A885F1F4A8BF}.DELUXEWORKSTEST|Any CPU.Build.0 = Debug|Any CPU
		{90FA7A74-4FC6-40BA-88A1-A885F1F4A8BF}.Release|Any CPU.ActiveCfg = Release|Any CPU
		{90FA7A74-4FC6-40BA-88A1-A885F1F4A8BF}.Release|Any CPU.Build.0 = Release|Any CPU
		{CBE8566C-018B-430F-9D63-B1F1AAB8EF09}.Debug|Any CPU.ActiveCfg = Debug|Any CPU
		{CBE8566C-018B-430F-9D63-B1F1AAB8EF09}.Debug|Any CPU.Build.0 = Debug|Any CPU
		{CBE8566C-018B-430F-9D63-B1F1AAB8EF09}.DELUXEWORKSTEST|Any CPU.ActiveCfg = Debug|Any CPU
		{CBE8566C-018B-430F-9D63-B1F1AAB8EF09}.DELUXEWORKSTEST|Any CPU.Build.0 = Debug|Any CPU
		{CBE8566C-018B-430F-9D63-B1F1AAB8EF09}.Release|Any CPU.ActiveCfg = Release|Any CPU
		{CBE8566C-018B-430F-9D63-B1F1AAB8EF09}.Release|Any CPU.Build.0 = Release|Any CPU
		{99D08C46-2167-48C9-B442-BF2F962ACA4A}.Debug|Any CPU.ActiveCfg = Debug|Any CPU
		{99D08C46-2167-48C9-B442-BF2F962ACA4A}.Debug|Any CPU.Build.0 = Debug|Any CPU
		{99D08C46-2167-48C9-B442-BF2F962ACA4A}.DELUXEWORKSTEST|Any CPU.ActiveCfg = Debug|Any CPU
		{99D08C46-2167-48C9-B442-BF2F962ACA4A}.DELUXEWORKSTEST|Any CPU.Build.0 = Debug|Any CPU
		{99D08C46-2167-48C9-B442-BF2F962ACA4A}.Release|Any CPU.ActiveCfg = Release|Any CPU
		{99D08C46-2167-48C9-B442-BF2F962ACA4A}.Release|Any CPU.Build.0 = Release|Any CPU
		{F17105C2-9D96-496C-BA3D-57928E8CFFDD}.Debug|Any CPU.ActiveCfg = Debug|Any CPU
		{F17105C2-9D96-496C-BA3D-57928E8CFFDD}.Debug|Any CPU.Build.0 = Debug|Any CPU
		{F17105C2-9D96-496C-BA3D-57928E8CFFDD}.DELUXEWORKSTEST|Any CPU.ActiveCfg = Debug|Any CPU
		{F17105C2-9D96-496C-BA3D-57928E8CFFDD}.DELUXEWORKSTEST|Any CPU.Build.0 = Debug|Any CPU
		{F17105C2-9D96-496C-BA3D-57928E8CFFDD}.Release|Any CPU.ActiveCfg = Release|Any CPU
		{F17105C2-9D96-496C-BA3D-57928E8CFFDD}.Release|Any CPU.Build.0 = Release|Any CPU
		{E81EEC16-5DD3-4FE3-BC1D-83ADA9185297}.Debug|Any CPU.ActiveCfg = Debug|Any CPU
		{E81EEC16-5DD3-4FE3-BC1D-83ADA9185297}.Debug|Any CPU.Build.0 = Debug|Any CPU
		{E81EEC16-5DD3-4FE3-BC1D-83ADA9185297}.DELUXEWORKSTEST|Any CPU.ActiveCfg = Debug|Any CPU
		{E81EEC16-5DD3-4FE3-BC1D-83ADA9185297}.DELUXEWORKSTEST|Any CPU.Build.0 = Debug|Any CPU
		{E81EEC16-5DD3-4FE3-BC1D-83ADA9185297}.Release|Any CPU.ActiveCfg = Release|Any CPU
		{E81EEC16-5DD3-4FE3-BC1D-83ADA9185297}.Release|Any CPU.Build.0 = Release|Any CPU
		{80FC7C46-7A16-4299-8412-95A39C4028D8}.Debug|Any CPU.ActiveCfg = Debug|Any CPU
		{80FC7C46-7A16-4299-8412-95A39C4028D8}.Debug|Any CPU.Build.0 = Debug|Any CPU
		{80FC7C46-7A16-4299-8412-95A39C4028D8}.DELUXEWORKSTEST|Any CPU.ActiveCfg = Debug|Any CPU
		{80FC7C46-7A16-4299-8412-95A39C4028D8}.DELUXEWORKSTEST|Any CPU.Build.0 = Debug|Any CPU
		{80FC7C46-7A16-4299-8412-95A39C4028D8}.Release|Any CPU.ActiveCfg = Release|Any CPU
		{80FC7C46-7A16-4299-8412-95A39C4028D8}.Release|Any CPU.Build.0 = Release|Any CPU
		{6E9380BD-F8B6-4A87-8726-D57D6708D105}.Debug|Any CPU.ActiveCfg = Debug|Any CPU
		{6E9380BD-F8B6-4A87-8726-D57D6708D105}.Debug|Any CPU.Build.0 = Debug|Any CPU
		{6E9380BD-F8B6-4A87-8726-D57D6708D105}.DELUXEWORKSTEST|Any CPU.ActiveCfg = Debug|Any CPU
		{6E9380BD-F8B6-4A87-8726-D57D6708D105}.DELUXEWORKSTEST|Any CPU.Build.0 = Debug|Any CPU
		{6E9380BD-F8B6-4A87-8726-D57D6708D105}.Release|Any CPU.ActiveCfg = Release|Any CPU
		{6E9380BD-F8B6-4A87-8726-D57D6708D105}.Release|Any CPU.Build.0 = Release|Any CPU
		{7B397549-408D-4729-9D8C-3CED5DF6E258}.Debug|Any CPU.ActiveCfg = Debug|Any CPU
		{7B397549-408D-4729-9D8C-3CED5DF6E258}.Debug|Any CPU.Build.0 = Debug|Any CPU
		{7B397549-408D-4729-9D8C-3CED5DF6E258}.DELUXEWORKSTEST|Any CPU.ActiveCfg = Debug|Any CPU
		{7B397549-408D-4729-9D8C-3CED5DF6E258}.DELUXEWORKSTEST|Any CPU.Build.0 = Debug|Any CPU
		{7B397549-408D-4729-9D8C-3CED5DF6E258}.Release|Any CPU.ActiveCfg = Release|Any CPU
		{7B397549-408D-4729-9D8C-3CED5DF6E258}.Release|Any CPU.Build.0 = Release|Any CPU
		{24B8FFDA-9013-49C0-B777-6229796816A8}.Debug|Any CPU.ActiveCfg = Debug|Any CPU
		{24B8FFDA-9013-49C0-B777-6229796816A8}.Debug|Any CPU.Build.0 = Debug|Any CPU
		{24B8FFDA-9013-49C0-B777-6229796816A8}.DELUXEWORKSTEST|Any CPU.ActiveCfg = Debug|Any CPU
		{24B8FFDA-9013-49C0-B777-6229796816A8}.DELUXEWORKSTEST|Any CPU.Build.0 = Debug|Any CPU
		{24B8FFDA-9013-49C0-B777-6229796816A8}.Release|Any CPU.ActiveCfg = Release|Any CPU
		{24B8FFDA-9013-49C0-B777-6229796816A8}.Release|Any CPU.Build.0 = Release|Any CPU
		{D111BE30-F751-46E2-8C2E-D710CD61FBF8}.Debug|Any CPU.ActiveCfg = Debug|Any CPU
		{D111BE30-F751-46E2-8C2E-D710CD61FBF8}.Debug|Any CPU.Build.0 = Debug|Any CPU
		{D111BE30-F751-46E2-8C2E-D710CD61FBF8}.DELUXEWORKSTEST|Any CPU.ActiveCfg = Debug|Any CPU
		{D111BE30-F751-46E2-8C2E-D710CD61FBF8}.DELUXEWORKSTEST|Any CPU.Build.0 = Debug|Any CPU
		{D111BE30-F751-46E2-8C2E-D710CD61FBF8}.Release|Any CPU.ActiveCfg = Release|Any CPU
		{D111BE30-F751-46E2-8C2E-D710CD61FBF8}.Release|Any CPU.Build.0 = Release|Any CPU
		{32D9DA92-590D-4360-8A43-FACAEAEE1461}.Debug|Any CPU.ActiveCfg = Debug|Any CPU
		{32D9DA92-590D-4360-8A43-FACAEAEE1461}.Debug|Any CPU.Build.0 = Debug|Any CPU
		{32D9DA92-590D-4360-8A43-FACAEAEE1461}.DELUXEWORKSTEST|Any CPU.ActiveCfg = Debug|Any CPU
		{32D9DA92-590D-4360-8A43-FACAEAEE1461}.DELUXEWORKSTEST|Any CPU.Build.0 = Debug|Any CPU
		{32D9DA92-590D-4360-8A43-FACAEAEE1461}.Release|Any CPU.ActiveCfg = Release|Any CPU
		{32D9DA92-590D-4360-8A43-FACAEAEE1461}.Release|Any CPU.Build.0 = Release|Any CPU
		{5D7FDB88-6DD0-4404-93BA-78B448A29268}.Debug|Any CPU.ActiveCfg = Debug|Any CPU
		{5D7FDB88-6DD0-4404-93BA-78B448A29268}.Debug|Any CPU.Build.0 = Debug|Any CPU
		{5D7FDB88-6DD0-4404-93BA-78B448A29268}.DELUXEWORKSTEST|Any CPU.ActiveCfg = Debug|Any CPU
		{5D7FDB88-6DD0-4404-93BA-78B448A29268}.DELUXEWORKSTEST|Any CPU.Build.0 = Debug|Any CPU
		{5D7FDB88-6DD0-4404-93BA-78B448A29268}.Release|Any CPU.ActiveCfg = Release|Any CPU
		{5D7FDB88-6DD0-4404-93BA-78B448A29268}.Release|Any CPU.Build.0 = Release|Any CPU
		{E6C6DE86-37F9-4B7E-A3C9-BC0B59538509}.Debug|Any CPU.ActiveCfg = Debug|Any CPU
		{E6C6DE86-37F9-4B7E-A3C9-BC0B59538509}.Debug|Any CPU.Build.0 = Debug|Any CPU
		{E6C6DE86-37F9-4B7E-A3C9-BC0B59538509}.DELUXEWORKSTEST|Any CPU.ActiveCfg = Debug|Any CPU
		{E6C6DE86-37F9-4B7E-A3C9-BC0B59538509}.DELUXEWORKSTEST|Any CPU.Build.0 = Debug|Any CPU
		{E6C6DE86-37F9-4B7E-A3C9-BC0B59538509}.Release|Any CPU.ActiveCfg = Release|Any CPU
		{E6C6DE86-37F9-4B7E-A3C9-BC0B59538509}.Release|Any CPU.Build.0 = Release|Any CPU
		{3EBCC856-8A7B-4A73-9BFD-AFB930ECD3FA}.Debug|Any CPU.ActiveCfg = Debug|Any CPU
		{3EBCC856-8A7B-4A73-9BFD-AFB930ECD3FA}.Debug|Any CPU.Build.0 = Debug|Any CPU
		{3EBCC856-8A7B-4A73-9BFD-AFB930ECD3FA}.DELUXEWORKSTEST|Any CPU.ActiveCfg = Debug|Any CPU
		{3EBCC856-8A7B-4A73-9BFD-AFB930ECD3FA}.DELUXEWORKSTEST|Any CPU.Build.0 = Debug|Any CPU
		{3EBCC856-8A7B-4A73-9BFD-AFB930ECD3FA}.Release|Any CPU.ActiveCfg = Release|Any CPU
		{3EBCC856-8A7B-4A73-9BFD-AFB930ECD3FA}.Release|Any CPU.Build.0 = Release|Any CPU
		{C9BABB06-5AD4-4AEA-8A96-47A44D89340D}.Debug|Any CPU.ActiveCfg = Debug|Any CPU
		{C9BABB06-5AD4-4AEA-8A96-47A44D89340D}.Debug|Any CPU.Build.0 = Debug|Any CPU
		{C9BABB06-5AD4-4AEA-8A96-47A44D89340D}.DELUXEWORKSTEST|Any CPU.ActiveCfg = Debug|Any CPU
		{C9BABB06-5AD4-4AEA-8A96-47A44D89340D}.DELUXEWORKSTEST|Any CPU.Build.0 = Debug|Any CPU
		{C9BABB06-5AD4-4AEA-8A96-47A44D89340D}.Release|Any CPU.ActiveCfg = Release|Any CPU
		{C9BABB06-5AD4-4AEA-8A96-47A44D89340D}.Release|Any CPU.Build.0 = Release|Any CPU
		{077753A6-2B7F-4B22-922D-818E43CAADBD}.Debug|Any CPU.ActiveCfg = Debug|Any CPU
		{077753A6-2B7F-4B22-922D-818E43CAADBD}.Debug|Any CPU.Build.0 = Debug|Any CPU
		{077753A6-2B7F-4B22-922D-818E43CAADBD}.DELUXEWORKSTEST|Any CPU.ActiveCfg = Debug|Any CPU
		{077753A6-2B7F-4B22-922D-818E43CAADBD}.DELUXEWORKSTEST|Any CPU.Build.0 = Debug|Any CPU
		{077753A6-2B7F-4B22-922D-818E43CAADBD}.Release|Any CPU.ActiveCfg = Release|Any CPU
		{077753A6-2B7F-4B22-922D-818E43CAADBD}.Release|Any CPU.Build.0 = Release|Any CPU
		{5D67CC20-1638-40E1-892E-73C35A159307}.Debug|Any CPU.ActiveCfg = Debug|Any CPU
		{5D67CC20-1638-40E1-892E-73C35A159307}.Debug|Any CPU.Build.0 = Debug|Any CPU
		{5D67CC20-1638-40E1-892E-73C35A159307}.DELUXEWORKSTEST|Any CPU.ActiveCfg = Debug|Any CPU
		{5D67CC20-1638-40E1-892E-73C35A159307}.DELUXEWORKSTEST|Any CPU.Build.0 = Debug|Any CPU
		{5D67CC20-1638-40E1-892E-73C35A159307}.Release|Any CPU.ActiveCfg = Release|Any CPU
		{5D67CC20-1638-40E1-892E-73C35A159307}.Release|Any CPU.Build.0 = Release|Any CPU
		{5D0EE7E8-6B48-4C42-9A3C-0EABF76FEEE5}.Debug|Any CPU.ActiveCfg = Debug|Any CPU
		{5D0EE7E8-6B48-4C42-9A3C-0EABF76FEEE5}.Debug|Any CPU.Build.0 = Debug|Any CPU
		{5D0EE7E8-6B48-4C42-9A3C-0EABF76FEEE5}.DELUXEWORKSTEST|Any CPU.ActiveCfg = Debug|Any CPU
		{5D0EE7E8-6B48-4C42-9A3C-0EABF76FEEE5}.DELUXEWORKSTEST|Any CPU.Build.0 = Debug|Any CPU
		{5D0EE7E8-6B48-4C42-9A3C-0EABF76FEEE5}.Release|Any CPU.ActiveCfg = Release|Any CPU
		{5D0EE7E8-6B48-4C42-9A3C-0EABF76FEEE5}.Release|Any CPU.Build.0 = Release|Any CPU
		{A04607DE-2D0C-4D9F-99FD-26D2AF513574}.Debug|Any CPU.ActiveCfg = Debug|Any CPU
		{A04607DE-2D0C-4D9F-99FD-26D2AF513574}.Debug|Any CPU.Build.0 = Debug|Any CPU
		{A04607DE-2D0C-4D9F-99FD-26D2AF513574}.DELUXEWORKSTEST|Any CPU.ActiveCfg = Debug|Any CPU
		{A04607DE-2D0C-4D9F-99FD-26D2AF513574}.DELUXEWORKSTEST|Any CPU.Build.0 = Debug|Any CPU
		{A04607DE-2D0C-4D9F-99FD-26D2AF513574}.Release|Any CPU.ActiveCfg = Release|Any CPU
		{A04607DE-2D0C-4D9F-99FD-26D2AF513574}.Release|Any CPU.Build.0 = Release|Any CPU
		{4A89B21D-6525-4961-A26F-2A100C495437}.Debug|Any CPU.ActiveCfg = Debug|Any CPU
		{4A89B21D-6525-4961-A26F-2A100C495437}.Debug|Any CPU.Build.0 = Debug|Any CPU
		{4A89B21D-6525-4961-A26F-2A100C495437}.DELUXEWORKSTEST|Any CPU.ActiveCfg = Debug|Any CPU
		{4A89B21D-6525-4961-A26F-2A100C495437}.DELUXEWORKSTEST|Any CPU.Build.0 = Debug|Any CPU
		{4A89B21D-6525-4961-A26F-2A100C495437}.Release|Any CPU.ActiveCfg = Release|Any CPU
		{4A89B21D-6525-4961-A26F-2A100C495437}.Release|Any CPU.Build.0 = Release|Any CPU
		{6EA8FF7D-1444-47BB-8499-E2B4740B13A3}.Debug|Any CPU.ActiveCfg = Debug|Any CPU
		{6EA8FF7D-1444-47BB-8499-E2B4740B13A3}.Debug|Any CPU.Build.0 = Debug|Any CPU
		{6EA8FF7D-1444-47BB-8499-E2B4740B13A3}.DELUXEWORKSTEST|Any CPU.ActiveCfg = Debug|Any CPU
		{6EA8FF7D-1444-47BB-8499-E2B4740B13A3}.DELUXEWORKSTEST|Any CPU.Build.0 = Debug|Any CPU
		{6EA8FF7D-1444-47BB-8499-E2B4740B13A3}.Release|Any CPU.ActiveCfg = Release|Any CPU
		{6EA8FF7D-1444-47BB-8499-E2B4740B13A3}.Release|Any CPU.Build.0 = Release|Any CPU
		{FD9634EC-EF15-476C-88BD-79DF64404A1B}.Debug|Any CPU.ActiveCfg = Debug|Any CPU
		{FD9634EC-EF15-476C-88BD-79DF64404A1B}.Debug|Any CPU.Build.0 = Debug|Any CPU
		{FD9634EC-EF15-476C-88BD-79DF64404A1B}.DELUXEWORKSTEST|Any CPU.ActiveCfg = Debug|Any CPU
		{FD9634EC-EF15-476C-88BD-79DF64404A1B}.DELUXEWORKSTEST|Any CPU.Build.0 = Debug|Any CPU
		{FD9634EC-EF15-476C-88BD-79DF64404A1B}.Release|Any CPU.ActiveCfg = Release|Any CPU
		{FD9634EC-EF15-476C-88BD-79DF64404A1B}.Release|Any CPU.Build.0 = Release|Any CPU
		{D9D70638-4C03-4E4B-ABD5-B8EE1E077598}.Debug|Any CPU.ActiveCfg = Debug|Any CPU
		{D9D70638-4C03-4E4B-ABD5-B8EE1E077598}.Debug|Any CPU.Build.0 = Debug|Any CPU
		{D9D70638-4C03-4E4B-ABD5-B8EE1E077598}.DELUXEWORKSTEST|Any CPU.ActiveCfg = Debug|Any CPU
		{D9D70638-4C03-4E4B-ABD5-B8EE1E077598}.DELUXEWORKSTEST|Any CPU.Build.0 = Debug|Any CPU
		{D9D70638-4C03-4E4B-ABD5-B8EE1E077598}.Release|Any CPU.ActiveCfg = Release|Any CPU
		{D9D70638-4C03-4E4B-ABD5-B8EE1E077598}.Release|Any CPU.Build.0 = Release|Any CPU
		{8199B295-3212-4EC9-9FC6-161245276A1B}.Debug|Any CPU.ActiveCfg = Debug|Any CPU
		{8199B295-3212-4EC9-9FC6-161245276A1B}.Debug|Any CPU.Build.0 = Debug|Any CPU
		{8199B295-3212-4EC9-9FC6-161245276A1B}.DELUXEWORKSTEST|Any CPU.ActiveCfg = Debug|Any CPU
		{8199B295-3212-4EC9-9FC6-161245276A1B}.DELUXEWORKSTEST|Any CPU.Build.0 = Debug|Any CPU
		{8199B295-3212-4EC9-9FC6-161245276A1B}.Release|Any CPU.ActiveCfg = Release|Any CPU
		{8199B295-3212-4EC9-9FC6-161245276A1B}.Release|Any CPU.Build.0 = Release|Any CPU
		{FE7CFB89-96DA-41C3-8EEF-2417431F58AD}.Debug|Any CPU.ActiveCfg = Debug|Any CPU
		{FE7CFB89-96DA-41C3-8EEF-2417431F58AD}.Debug|Any CPU.Build.0 = Debug|Any CPU
		{FE7CFB89-96DA-41C3-8EEF-2417431F58AD}.DELUXEWORKSTEST|Any CPU.ActiveCfg = Debug|Any CPU
		{FE7CFB89-96DA-41C3-8EEF-2417431F58AD}.DELUXEWORKSTEST|Any CPU.Build.0 = Debug|Any CPU
		{FE7CFB89-96DA-41C3-8EEF-2417431F58AD}.Release|Any CPU.ActiveCfg = Release|Any CPU
		{FE7CFB89-96DA-41C3-8EEF-2417431F58AD}.Release|Any CPU.Build.0 = Release|Any CPU
		{8FD43AE4-1371-467F-8D1C-2BDE3E567320}.Debug|Any CPU.ActiveCfg = Debug|Any CPU
		{8FD43AE4-1371-467F-8D1C-2BDE3E567320}.Debug|Any CPU.Build.0 = Debug|Any CPU
		{8FD43AE4-1371-467F-8D1C-2BDE3E567320}.DELUXEWORKSTEST|Any CPU.ActiveCfg = Debug|Any CPU
		{8FD43AE4-1371-467F-8D1C-2BDE3E567320}.DELUXEWORKSTEST|Any CPU.Build.0 = Debug|Any CPU
		{8FD43AE4-1371-467F-8D1C-2BDE3E567320}.Release|Any CPU.ActiveCfg = Release|Any CPU
		{8FD43AE4-1371-467F-8D1C-2BDE3E567320}.Release|Any CPU.Build.0 = Release|Any CPU
		{63DC920D-AA79-4944-8FDE-88A9FA5E0892}.Debug|Any CPU.ActiveCfg = Debug|Any CPU
		{63DC920D-AA79-4944-8FDE-88A9FA5E0892}.Debug|Any CPU.Build.0 = Debug|Any CPU
		{63DC920D-AA79-4944-8FDE-88A9FA5E0892}.DELUXEWORKSTEST|Any CPU.ActiveCfg = Debug|Any CPU
		{63DC920D-AA79-4944-8FDE-88A9FA5E0892}.DELUXEWORKSTEST|Any CPU.Build.0 = Debug|Any CPU
		{63DC920D-AA79-4944-8FDE-88A9FA5E0892}.Release|Any CPU.ActiveCfg = Release|Any CPU
		{63DC920D-AA79-4944-8FDE-88A9FA5E0892}.Release|Any CPU.Build.0 = Release|Any CPU
		{5C1C29E6-C138-4D33-9D67-648456119B79}.Debug|Any CPU.ActiveCfg = Debug|Any CPU
		{5C1C29E6-C138-4D33-9D67-648456119B79}.Debug|Any CPU.Build.0 = Debug|Any CPU
		{5C1C29E6-C138-4D33-9D67-648456119B79}.DELUXEWORKSTEST|Any CPU.ActiveCfg = Debug|Any CPU
		{5C1C29E6-C138-4D33-9D67-648456119B79}.DELUXEWORKSTEST|Any CPU.Build.0 = Debug|Any CPU
		{5C1C29E6-C138-4D33-9D67-648456119B79}.Release|Any CPU.ActiveCfg = Release|Any CPU
		{5C1C29E6-C138-4D33-9D67-648456119B79}.Release|Any CPU.Build.0 = Release|Any CPU
		{34190220-54A6-4C36-863E-91BE2DE632FF}.Debug|Any CPU.ActiveCfg = Debug|Any CPU
		{34190220-54A6-4C36-863E-91BE2DE632FF}.Debug|Any CPU.Build.0 = Debug|Any CPU
		{34190220-54A6-4C36-863E-91BE2DE632FF}.DELUXEWORKSTEST|Any CPU.ActiveCfg = Debug|Any CPU
		{34190220-54A6-4C36-863E-91BE2DE632FF}.DELUXEWORKSTEST|Any CPU.Build.0 = Debug|Any CPU
		{34190220-54A6-4C36-863E-91BE2DE632FF}.Release|Any CPU.ActiveCfg = Release|Any CPU
		{34190220-54A6-4C36-863E-91BE2DE632FF}.Release|Any CPU.Build.0 = Release|Any CPU
		{2EF2AB35-07B0-4CB1-868D-2B093C500642}.Debug|Any CPU.ActiveCfg = Debug|Any CPU
		{2EF2AB35-07B0-4CB1-868D-2B093C500642}.Debug|Any CPU.Build.0 = Debug|Any CPU
		{2EF2AB35-07B0-4CB1-868D-2B093C500642}.DELUXEWORKSTEST|Any CPU.ActiveCfg = Debug|Any CPU
		{2EF2AB35-07B0-4CB1-868D-2B093C500642}.DELUXEWORKSTEST|Any CPU.Build.0 = Debug|Any CPU
		{2EF2AB35-07B0-4CB1-868D-2B093C500642}.Release|Any CPU.ActiveCfg = Release|Any CPU
		{2EF2AB35-07B0-4CB1-868D-2B093C500642}.Release|Any CPU.Build.0 = Release|Any CPU
		{613BCEE6-EAF6-495C-BBCF-1AA2D1AD9981}.Debug|Any CPU.ActiveCfg = Debug|Any CPU
		{613BCEE6-EAF6-495C-BBCF-1AA2D1AD9981}.Debug|Any CPU.Build.0 = Debug|Any CPU
		{613BCEE6-EAF6-495C-BBCF-1AA2D1AD9981}.DELUXEWORKSTEST|Any CPU.ActiveCfg = Debug|Any CPU
		{613BCEE6-EAF6-495C-BBCF-1AA2D1AD9981}.DELUXEWORKSTEST|Any CPU.Build.0 = Debug|Any CPU
		{613BCEE6-EAF6-495C-BBCF-1AA2D1AD9981}.Release|Any CPU.ActiveCfg = Release|Any CPU
		{613BCEE6-EAF6-495C-BBCF-1AA2D1AD9981}.Release|Any CPU.Build.0 = Release|Any CPU
		{039C7631-62A7-4E1E-A40A-787B696A834E}.Debug|Any CPU.ActiveCfg = Debug|Any CPU
		{039C7631-62A7-4E1E-A40A-787B696A834E}.Debug|Any CPU.Build.0 = Debug|Any CPU
		{039C7631-62A7-4E1E-A40A-787B696A834E}.DELUXEWORKSTEST|Any CPU.ActiveCfg = Debug|Any CPU
		{039C7631-62A7-4E1E-A40A-787B696A834E}.DELUXEWORKSTEST|Any CPU.Build.0 = Debug|Any CPU
		{039C7631-62A7-4E1E-A40A-787B696A834E}.Release|Any CPU.ActiveCfg = Release|Any CPU
		{039C7631-62A7-4E1E-A40A-787B696A834E}.Release|Any CPU.Build.0 = Release|Any CPU
		{DEC32A3F-3C09-4977-83B6-350AF250290D}.Debug|Any CPU.ActiveCfg = Debug|Any CPU
		{DEC32A3F-3C09-4977-83B6-350AF250290D}.Debug|Any CPU.Build.0 = Debug|Any CPU
		{DEC32A3F-3C09-4977-83B6-350AF250290D}.DELUXEWORKSTEST|Any CPU.ActiveCfg = Debug|Any CPU
		{DEC32A3F-3C09-4977-83B6-350AF250290D}.DELUXEWORKSTEST|Any CPU.Build.0 = Debug|Any CPU
		{DEC32A3F-3C09-4977-83B6-350AF250290D}.Release|Any CPU.ActiveCfg = Release|Any CPU
		{DEC32A3F-3C09-4977-83B6-350AF250290D}.Release|Any CPU.Build.0 = Release|Any CPU
		{C47FA0F3-43DE-431B-9DAB-93F50D0F18D4}.Debug|Any CPU.ActiveCfg = Debug|Any CPU
		{C47FA0F3-43DE-431B-9DAB-93F50D0F18D4}.Debug|Any CPU.Build.0 = Debug|Any CPU
		{C47FA0F3-43DE-431B-9DAB-93F50D0F18D4}.DELUXEWORKSTEST|Any CPU.ActiveCfg = Debug|Any CPU
		{C47FA0F3-43DE-431B-9DAB-93F50D0F18D4}.DELUXEWORKSTEST|Any CPU.Build.0 = Debug|Any CPU
		{C47FA0F3-43DE-431B-9DAB-93F50D0F18D4}.Release|Any CPU.ActiveCfg = Release|Any CPU
		{C47FA0F3-43DE-431B-9DAB-93F50D0F18D4}.Release|Any CPU.Build.0 = Release|Any CPU
		{471EAA08-25E2-4366-B4A0-1625BB97DC2E}.Debug|Any CPU.ActiveCfg = Debug|Any CPU
		{471EAA08-25E2-4366-B4A0-1625BB97DC2E}.Debug|Any CPU.Build.0 = Debug|Any CPU
		{471EAA08-25E2-4366-B4A0-1625BB97DC2E}.DELUXEWORKSTEST|Any CPU.ActiveCfg = Debug|Any CPU
		{471EAA08-25E2-4366-B4A0-1625BB97DC2E}.DELUXEWORKSTEST|Any CPU.Build.0 = Debug|Any CPU
		{471EAA08-25E2-4366-B4A0-1625BB97DC2E}.Release|Any CPU.ActiveCfg = Release|Any CPU
		{471EAA08-25E2-4366-B4A0-1625BB97DC2E}.Release|Any CPU.Build.0 = Release|Any CPU
		{2B974479-EB50-46D1-A812-58BB45447D65}.Debug|Any CPU.ActiveCfg = Debug|Any CPU
		{2B974479-EB50-46D1-A812-58BB45447D65}.Debug|Any CPU.Build.0 = Debug|Any CPU
		{2B974479-EB50-46D1-A812-58BB45447D65}.DELUXEWORKSTEST|Any CPU.ActiveCfg = DELUXEWORKSTEST|Any CPU
		{2B974479-EB50-46D1-A812-58BB45447D65}.DELUXEWORKSTEST|Any CPU.Build.0 = DELUXEWORKSTEST|Any CPU
		{2B974479-EB50-46D1-A812-58BB45447D65}.Release|Any CPU.ActiveCfg = Release|Any CPU
		{2B974479-EB50-46D1-A812-58BB45447D65}.Release|Any CPU.Build.0 = Release|Any CPU
		{5BE29DAC-3F7B-4A7A-8690-92963B6A6F43}.Debug|Any CPU.ActiveCfg = Debug|Any CPU
		{5BE29DAC-3F7B-4A7A-8690-92963B6A6F43}.Debug|Any CPU.Build.0 = Debug|Any CPU
		{5BE29DAC-3F7B-4A7A-8690-92963B6A6F43}.DELUXEWORKSTEST|Any CPU.ActiveCfg = Debug|Any CPU
		{5BE29DAC-3F7B-4A7A-8690-92963B6A6F43}.DELUXEWORKSTEST|Any CPU.Build.0 = Debug|Any CPU
		{5BE29DAC-3F7B-4A7A-8690-92963B6A6F43}.Release|Any CPU.ActiveCfg = Release|Any CPU
		{5BE29DAC-3F7B-4A7A-8690-92963B6A6F43}.Release|Any CPU.Build.0 = Release|Any CPU
		{B7F4BB5F-6058-4855-9645-378272FBB8BA}.Debug|Any CPU.ActiveCfg = Debug|Any CPU
		{B7F4BB5F-6058-4855-9645-378272FBB8BA}.Debug|Any CPU.Build.0 = Debug|Any CPU
		{B7F4BB5F-6058-4855-9645-378272FBB8BA}.DELUXEWORKSTEST|Any CPU.ActiveCfg = Debug|Any CPU
		{B7F4BB5F-6058-4855-9645-378272FBB8BA}.DELUXEWORKSTEST|Any CPU.Build.0 = Debug|Any CPU
		{B7F4BB5F-6058-4855-9645-378272FBB8BA}.Release|Any CPU.ActiveCfg = Release|Any CPU
		{B7F4BB5F-6058-4855-9645-378272FBB8BA}.Release|Any CPU.Build.0 = Release|Any CPU
		{B697F832-6115-47EC-AF11-F74DF656F3AA}.Debug|Any CPU.ActiveCfg = Debug|Any CPU
		{B697F832-6115-47EC-AF11-F74DF656F3AA}.Debug|Any CPU.Build.0 = Debug|Any CPU
		{B697F832-6115-47EC-AF11-F74DF656F3AA}.DELUXEWORKSTEST|Any CPU.ActiveCfg = Debug|Any CPU
		{B697F832-6115-47EC-AF11-F74DF656F3AA}.DELUXEWORKSTEST|Any CPU.Build.0 = Debug|Any CPU
		{B697F832-6115-47EC-AF11-F74DF656F3AA}.Release|Any CPU.ActiveCfg = Release|Any CPU
		{B697F832-6115-47EC-AF11-F74DF656F3AA}.Release|Any CPU.Build.0 = Release|Any CPU
		{DEE28FBB-3FE6-402D-B9AF-5583A2E9E97C}.Debug|Any CPU.ActiveCfg = Debug|Any CPU
		{DEE28FBB-3FE6-402D-B9AF-5583A2E9E97C}.Debug|Any CPU.Build.0 = Debug|Any CPU
		{DEE28FBB-3FE6-402D-B9AF-5583A2E9E97C}.DELUXEWORKSTEST|Any CPU.ActiveCfg = Debug|Any CPU
		{DEE28FBB-3FE6-402D-B9AF-5583A2E9E97C}.DELUXEWORKSTEST|Any CPU.Build.0 = Debug|Any CPU
		{DEE28FBB-3FE6-402D-B9AF-5583A2E9E97C}.Release|Any CPU.ActiveCfg = Release|Any CPU
		{DEE28FBB-3FE6-402D-B9AF-5583A2E9E97C}.Release|Any CPU.Build.0 = Release|Any CPU
		{43F6FD57-EA5F-4F4E-83DE-908709ABE49D}.Debug|Any CPU.ActiveCfg = Debug|Any CPU
		{43F6FD57-EA5F-4F4E-83DE-908709ABE49D}.Debug|Any CPU.Build.0 = Debug|Any CPU
		{43F6FD57-EA5F-4F4E-83DE-908709ABE49D}.DELUXEWORKSTEST|Any CPU.ActiveCfg = Debug|Any CPU
		{43F6FD57-EA5F-4F4E-83DE-908709ABE49D}.DELUXEWORKSTEST|Any CPU.Build.0 = Debug|Any CPU
		{43F6FD57-EA5F-4F4E-83DE-908709ABE49D}.Release|Any CPU.ActiveCfg = Release|Any CPU
		{43F6FD57-EA5F-4F4E-83DE-908709ABE49D}.Release|Any CPU.Build.0 = Release|Any CPU
		{260E1F57-2BBA-4065-B9C2-0699FF190E89}.Debug|Any CPU.ActiveCfg = Debug|Any CPU
		{260E1F57-2BBA-4065-B9C2-0699FF190E89}.Debug|Any CPU.Build.0 = Debug|Any CPU
		{260E1F57-2BBA-4065-B9C2-0699FF190E89}.DELUXEWORKSTEST|Any CPU.ActiveCfg = Debug|Any CPU
		{260E1F57-2BBA-4065-B9C2-0699FF190E89}.DELUXEWORKSTEST|Any CPU.Build.0 = Debug|Any CPU
		{260E1F57-2BBA-4065-B9C2-0699FF190E89}.Release|Any CPU.ActiveCfg = Release|Any CPU
		{260E1F57-2BBA-4065-B9C2-0699FF190E89}.Release|Any CPU.Build.0 = Release|Any CPU
		{21A7E115-051F-4954-9DAA-65B8311D63B9}.Debug|Any CPU.ActiveCfg = Debug|Any CPU
		{21A7E115-051F-4954-9DAA-65B8311D63B9}.Debug|Any CPU.Build.0 = Debug|Any CPU
		{21A7E115-051F-4954-9DAA-65B8311D63B9}.DELUXEWORKSTEST|Any CPU.ActiveCfg = Debug|Any CPU
		{21A7E115-051F-4954-9DAA-65B8311D63B9}.DELUXEWORKSTEST|Any CPU.Build.0 = Debug|Any CPU
		{21A7E115-051F-4954-9DAA-65B8311D63B9}.Release|Any CPU.ActiveCfg = Release|Any CPU
		{21A7E115-051F-4954-9DAA-65B8311D63B9}.Release|Any CPU.Build.0 = Release|Any CPU
		{FAF31999-9282-4971-90A7-C969353FB0AA}.Debug|Any CPU.ActiveCfg = Debug|Any CPU
		{FAF31999-9282-4971-90A7-C969353FB0AA}.Debug|Any CPU.Build.0 = Debug|Any CPU
		{FAF31999-9282-4971-90A7-C969353FB0AA}.DELUXEWORKSTEST|Any CPU.ActiveCfg = Debug|Any CPU
		{FAF31999-9282-4971-90A7-C969353FB0AA}.DELUXEWORKSTEST|Any CPU.Build.0 = Debug|Any CPU
		{FAF31999-9282-4971-90A7-C969353FB0AA}.Release|Any CPU.ActiveCfg = Release|Any CPU
		{FAF31999-9282-4971-90A7-C969353FB0AA}.Release|Any CPU.Build.0 = Release|Any CPU
		{7EA4E9A4-332D-45A9-8B8D-4A8340178994}.Debug|Any CPU.ActiveCfg = Debug|Any CPU
		{7EA4E9A4-332D-45A9-8B8D-4A8340178994}.Debug|Any CPU.Build.0 = Debug|Any CPU
		{7EA4E9A4-332D-45A9-8B8D-4A8340178994}.DELUXEWORKSTEST|Any CPU.ActiveCfg = Debug|Any CPU
		{7EA4E9A4-332D-45A9-8B8D-4A8340178994}.DELUXEWORKSTEST|Any CPU.Build.0 = Debug|Any CPU
		{7EA4E9A4-332D-45A9-8B8D-4A8340178994}.Release|Any CPU.ActiveCfg = Release|Any CPU
		{7EA4E9A4-332D-45A9-8B8D-4A8340178994}.Release|Any CPU.Build.0 = Release|Any CPU
		{DBD103B2-A6D2-4EB0-B8F6-AA5EF7801A76}.Debug|Any CPU.ActiveCfg = Debug|Any CPU
		{DBD103B2-A6D2-4EB0-B8F6-AA5EF7801A76}.Debug|Any CPU.Build.0 = Debug|Any CPU
		{DBD103B2-A6D2-4EB0-B8F6-AA5EF7801A76}.DELUXEWORKSTEST|Any CPU.ActiveCfg = Debug|Any CPU
		{DBD103B2-A6D2-4EB0-B8F6-AA5EF7801A76}.DELUXEWORKSTEST|Any CPU.Build.0 = Debug|Any CPU
		{DBD103B2-A6D2-4EB0-B8F6-AA5EF7801A76}.Release|Any CPU.ActiveCfg = Release|Any CPU
		{DBD103B2-A6D2-4EB0-B8F6-AA5EF7801A76}.Release|Any CPU.Build.0 = Release|Any CPU
		{7BC1B84A-EEF5-4142-B7BD-C5495332165C}.Debug|Any CPU.ActiveCfg = Debug|Any CPU
		{7BC1B84A-EEF5-4142-B7BD-C5495332165C}.Debug|Any CPU.Build.0 = Debug|Any CPU
		{7BC1B84A-EEF5-4142-B7BD-C5495332165C}.DELUXEWORKSTEST|Any CPU.ActiveCfg = Debug|Any CPU
		{7BC1B84A-EEF5-4142-B7BD-C5495332165C}.DELUXEWORKSTEST|Any CPU.Build.0 = Debug|Any CPU
		{7BC1B84A-EEF5-4142-B7BD-C5495332165C}.Release|Any CPU.ActiveCfg = Release|Any CPU
		{7BC1B84A-EEF5-4142-B7BD-C5495332165C}.Release|Any CPU.Build.0 = Release|Any CPU
		{DD4A3296-3560-404D-B3BC-85D67956BF3E}.Debug|Any CPU.ActiveCfg = Debug|Any CPU
		{DD4A3296-3560-404D-B3BC-85D67956BF3E}.Debug|Any CPU.Build.0 = Debug|Any CPU
		{DD4A3296-3560-404D-B3BC-85D67956BF3E}.DELUXEWORKSTEST|Any CPU.ActiveCfg = Debug|Any CPU
		{DD4A3296-3560-404D-B3BC-85D67956BF3E}.DELUXEWORKSTEST|Any CPU.Build.0 = Debug|Any CPU
		{DD4A3296-3560-404D-B3BC-85D67956BF3E}.Release|Any CPU.ActiveCfg = Release|Any CPU
		{DD4A3296-3560-404D-B3BC-85D67956BF3E}.Release|Any CPU.Build.0 = Release|Any CPU
	EndGlobalSection
	GlobalSection(SolutionProperties) = preSolution
		HideSolutionNode = FALSE
	EndGlobalSection
	GlobalSection(NestedProjects) = preSolution
		{9B71CEF6-8D67-4714-8CE3-29CBEE5B7975} = {2049AACF-DA0D-4532-9A76-2F30EFAD83B0}
		{92D62B7C-B9EB-4086-9D18-11CD36F1CA28} = {2049AACF-DA0D-4532-9A76-2F30EFAD83B0}
		{3B378BF6-E49B-4C36-BCE4-2B3872E7D772} = {2049AACF-DA0D-4532-9A76-2F30EFAD83B0}
		{36EB39CA-B526-4695-B600-377A11290C2E} = {2049AACF-DA0D-4532-9A76-2F30EFAD83B0}
		{1D5A15A4-C071-440F-ACC1-2DCC4573CCB1} = {2049AACF-DA0D-4532-9A76-2F30EFAD83B0}
		{3D9C3CD3-FD0A-420C-9B59-4352CF173D6F} = {3EA7C28D-39A5-4F10-99F1-8092568F2171}
		{4248FE86-6D0E-4250-8B1A-3A110E0FCD0C} = {3EA7C28D-39A5-4F10-99F1-8092568F2171}
		{2C8BDD39-8996-43B2-BC4D-69D70FFB1C0E} = {3EA7C28D-39A5-4F10-99F1-8092568F2171}
		{A8398400-CC14-4DCD-A552-CB1C6244398F} = {3EA7C28D-39A5-4F10-99F1-8092568F2171}
		{F2A8CA5E-6AEF-4F00-A612-B89F832B139E} = {3EA7C28D-39A5-4F10-99F1-8092568F2171}
		{E433D2C0-1F47-49E8-9206-79337B9E31A9} = {3EA7C28D-39A5-4F10-99F1-8092568F2171}
		{90FA7A74-4FC6-40BA-88A1-A885F1F4A8BF} = {3EA7C28D-39A5-4F10-99F1-8092568F2171}
		{CBE8566C-018B-430F-9D63-B1F1AAB8EF09} = {3EA7C28D-39A5-4F10-99F1-8092568F2171}
		{99D08C46-2167-48C9-B442-BF2F962ACA4A} = {3EA7C28D-39A5-4F10-99F1-8092568F2171}
		{F17105C2-9D96-496C-BA3D-57928E8CFFDD} = {3EA7C28D-39A5-4F10-99F1-8092568F2171}
		{E81EEC16-5DD3-4FE3-BC1D-83ADA9185297} = {3EA7C28D-39A5-4F10-99F1-8092568F2171}
		{80FC7C46-7A16-4299-8412-95A39C4028D8} = {3EA7C28D-39A5-4F10-99F1-8092568F2171}
		{6E9380BD-F8B6-4A87-8726-D57D6708D105} = {3EA7C28D-39A5-4F10-99F1-8092568F2171}
		{7B397549-408D-4729-9D8C-3CED5DF6E258} = {3EA7C28D-39A5-4F10-99F1-8092568F2171}
		{24B8FFDA-9013-49C0-B777-6229796816A8} = {3EA7C28D-39A5-4F10-99F1-8092568F2171}
		{D111BE30-F751-46E2-8C2E-D710CD61FBF8} = {3EA7C28D-39A5-4F10-99F1-8092568F2171}
		{32D9DA92-590D-4360-8A43-FACAEAEE1461} = {3EA7C28D-39A5-4F10-99F1-8092568F2171}
		{5D7FDB88-6DD0-4404-93BA-78B448A29268} = {3EA7C28D-39A5-4F10-99F1-8092568F2171}
		{E6C6DE86-37F9-4B7E-A3C9-BC0B59538509} = {3EA7C28D-39A5-4F10-99F1-8092568F2171}
		{3EBCC856-8A7B-4A73-9BFD-AFB930ECD3FA} = {3EA7C28D-39A5-4F10-99F1-8092568F2171}
		{C9BABB06-5AD4-4AEA-8A96-47A44D89340D} = {3EA7C28D-39A5-4F10-99F1-8092568F2171}
		{077753A6-2B7F-4B22-922D-818E43CAADBD} = {3EA7C28D-39A5-4F10-99F1-8092568F2171}
		{5D67CC20-1638-40E1-892E-73C35A159307} = {3EA7C28D-39A5-4F10-99F1-8092568F2171}
		{5D0EE7E8-6B48-4C42-9A3C-0EABF76FEEE5} = {3EA7C28D-39A5-4F10-99F1-8092568F2171}
		{A04607DE-2D0C-4D9F-99FD-26D2AF513574} = {3EA7C28D-39A5-4F10-99F1-8092568F2171}
		{4A89B21D-6525-4961-A26F-2A100C495437} = {3EA7C28D-39A5-4F10-99F1-8092568F2171}
		{6EA8FF7D-1444-47BB-8499-E2B4740B13A3} = {3EA7C28D-39A5-4F10-99F1-8092568F2171}
		{FD9634EC-EF15-476C-88BD-79DF64404A1B} = {3EA7C28D-39A5-4F10-99F1-8092568F2171}
		{D9D70638-4C03-4E4B-ABD5-B8EE1E077598} = {3EA7C28D-39A5-4F10-99F1-8092568F2171}
		{8199B295-3212-4EC9-9FC6-161245276A1B} = {3EA7C28D-39A5-4F10-99F1-8092568F2171}
		{FE7CFB89-96DA-41C3-8EEF-2417431F58AD} = {3EA7C28D-39A5-4F10-99F1-8092568F2171}
		{8FD43AE4-1371-467F-8D1C-2BDE3E567320} = {3EA7C28D-39A5-4F10-99F1-8092568F2171}
		{63DC920D-AA79-4944-8FDE-88A9FA5E0892} = {3EA7C28D-39A5-4F10-99F1-8092568F2171}
		{5C1C29E6-C138-4D33-9D67-648456119B79} = {3EA7C28D-39A5-4F10-99F1-8092568F2171}
		{34190220-54A6-4C36-863E-91BE2DE632FF} = {3EA7C28D-39A5-4F10-99F1-8092568F2171}
		{2EF2AB35-07B0-4CB1-868D-2B093C500642} = {3EA7C28D-39A5-4F10-99F1-8092568F2171}
		{613BCEE6-EAF6-495C-BBCF-1AA2D1AD9981} = {3EA7C28D-39A5-4F10-99F1-8092568F2171}
		{039C7631-62A7-4E1E-A40A-787B696A834E} = {3EA7C28D-39A5-4F10-99F1-8092568F2171}
		{DEC32A3F-3C09-4977-83B6-350AF250290D} = {3EA7C28D-39A5-4F10-99F1-8092568F2171}
		{C47FA0F3-43DE-431B-9DAB-93F50D0F18D4} = {3EA7C28D-39A5-4F10-99F1-8092568F2171}
		{471EAA08-25E2-4366-B4A0-1625BB97DC2E} = {3EA7C28D-39A5-4F10-99F1-8092568F2171}
		{2B974479-EB50-46D1-A812-58BB45447D65} = {2049AACF-DA0D-4532-9A76-2F30EFAD83B0}
		{5BE29DAC-3F7B-4A7A-8690-92963B6A6F43} = {2049AACF-DA0D-4532-9A76-2F30EFAD83B0}
		{B7F4BB5F-6058-4855-9645-378272FBB8BA} = {2049AACF-DA0D-4532-9A76-2F30EFAD83B0}
		{B697F832-6115-47EC-AF11-F74DF656F3AA} = {04D7033C-B928-494B-9DE6-85DB273B17E6}
		{DEE28FBB-3FE6-402D-B9AF-5583A2E9E97C} = {2049AACF-DA0D-4532-9A76-2F30EFAD83B0}
		{43F6FD57-EA5F-4F4E-83DE-908709ABE49D} = {2049AACF-DA0D-4532-9A76-2F30EFAD83B0}
		{260E1F57-2BBA-4065-B9C2-0699FF190E89} = {3EA7C28D-39A5-4F10-99F1-8092568F2171}
		{21A7E115-051F-4954-9DAA-65B8311D63B9} = {3EA7C28D-39A5-4F10-99F1-8092568F2171}
		{FAF31999-9282-4971-90A7-C969353FB0AA} = {04D7033C-B928-494B-9DE6-85DB273B17E6}
		{7EA4E9A4-332D-45A9-8B8D-4A8340178994} = {D4F6CF5F-B233-4F6C-BE49-E184FD24102B}
		{DBD103B2-A6D2-4EB0-B8F6-AA5EF7801A76} = {D4F6CF5F-B233-4F6C-BE49-E184FD24102B}
		{7BC1B84A-EEF5-4142-B7BD-C5495332165C} = {04D7033C-B928-494B-9DE6-85DB273B17E6}
		{DD4A3296-3560-404D-B3BC-85D67956BF3E} = {04D7033C-B928-494B-9DE6-85DB273B17E6}
	EndGlobalSection
EndGlobal
